
Microsoft Visual Studio Solution File, Format Version 12.00
# Visual Studio Version 16
VisualStudioVersion = 16.0.30320.27
MinimumVisualStudioVersion = 10.0.40219.1
Project("{FAE04EC0-301F-11D3-BF4B-00C04F79EFBC}") = "IdeaAppCore", "IdeaAppCore\IdeaAppCore.csproj", "{544904B2-7032-4F45-B8B1-EF880317A78C}"
EndProject
Global
	GlobalSection(SolutionConfigurationPlatforms) = preSolution
		Debug|Any CPU = Debug|Any CPU
		Release|Any CPU = Release|Any CPU
	EndGlobalSection
	GlobalSection(ProjectConfigurationPlatforms) = postSolution
		{544904B2-7032-4F45-B8B1-EF880317A78C}.Debug|Any CPU.ActiveCfg = Debug|Any CPU
		{544904B2-7032-4F45-B8B1-EF880317A78C}.Debug|Any CPU.Build.0 = Debug|Any CPU
		{544904B2-7032-4F45-B8B1-EF880317A78C}.Release|Any CPU.ActiveCfg = Release|Any CPU
		{544904B2-7032-4F45-B8B1-EF880317A78C}.Release|Any CPU.Build.0 = Release|Any CPU
	EndGlobalSection
	GlobalSection(SolutionProperties) = preSolution
		HideSolutionNode = FALSE
	EndGlobalSection
	GlobalSection(ExtensibilityGlobals) = postSolution
		SolutionGuid = {540A29F8-14EC-46A2-8234-48AC3DB7B163}
	EndGlobalSection
EndGlobal
